
Microsoft Visual Studio Solution File, Format Version 12.00
# Visual Studio Version 17
VisualStudioVersion = 17.6.33815.320
MinimumVisualStudioVersion = 10.0.40219.1
Project("{FAE04EC0-301F-11D3-BF4B-00C04F79EFBC}") = "SzpitalAPP", "SzpitalAPP\SzpitalAPP.csproj", "{F51DF4C5-9E60-41B2-B56E-33BF0EAACFA0}"
EndProject
Global
	GlobalSection(SolutionConfigurationPlatforms) = preSolution
		Debug|Any CPU = Debug|Any CPU
		Release|Any CPU = Release|Any CPU
	EndGlobalSection
	GlobalSection(ProjectConfigurationPlatforms) = postSolution
		{F51DF4C5-9E60-41B2-B56E-33BF0EAACFA0}.Debug|Any CPU.ActiveCfg = Debug|Any CPU
		{F51DF4C5-9E60-41B2-B56E-33BF0EAACFA0}.Debug|Any CPU.Build.0 = Debug|Any CPU
		{F51DF4C5-9E60-41B2-B56E-33BF0EAACFA0}.Release|Any CPU.ActiveCfg = Release|Any CPU
		{F51DF4C5-9E60-41B2-B56E-33BF0EAACFA0}.Release|Any CPU.Build.0 = Release|Any CPU
	EndGlobalSection
	GlobalSection(SolutionProperties) = preSolution
		HideSolutionNode = FALSE
	EndGlobalSection
	GlobalSection(ExtensibilityGlobals) = postSolution
		SolutionGuid = {FDBDCCE8-0540-44C9-8CB1-ED3C9BF8AB93}
	EndGlobalSection
EndGlobal
